
Microsoft Visual Studio Solution File, Format Version 12.00
# Visual Studio Version 16
VisualStudioVersion = 16.0.30523.141
MinimumVisualStudioVersion = 10.0.40219.1
Project("{FAE04EC0-301F-11D3-BF4B-00C04F79EFBC}") = "TimeSeries", "TimeSeries\TimeSeries.csproj", "{E785386E-E81B-46ED-969A-8B57ED2E6D44}"
EndProject
Global
	GlobalSection(SolutionConfigurationPlatforms) = preSolution
		Debug|Any CPU = Debug|Any CPU
		Release|Any CPU = Release|Any CPU
	EndGlobalSection
	GlobalSection(ProjectConfigurationPlatforms) = postSolution
		{E785386E-E81B-46ED-969A-8B57ED2E6D44}.Debug|Any CPU.ActiveCfg = Debug|Any CPU
		{E785386E-E81B-46ED-969A-8B57ED2E6D44}.Debug|Any CPU.Build.0 = Debug|Any CPU
		{E785386E-E81B-46ED-969A-8B57ED2E6D44}.Release|Any CPU.ActiveCfg = Release|Any CPU
		{E785386E-E81B-46ED-969A-8B57ED2E6D44}.Release|Any CPU.Build.0 = Release|Any CPU
	EndGlobalSection
	GlobalSection(SolutionProperties) = preSolution
		HideSolutionNode = FALSE
	EndGlobalSection
	GlobalSection(ExtensibilityGlobals) = postSolution
		SolutionGuid = {850406A3-4CA8-44CF-8E0A-F0550772BC6C}
	EndGlobalSection
EndGlobal
