
Microsoft Visual Studio Solution File, Format Version 12.00
# Visual Studio Version 16
VisualStudioVersion = 16.0.30523.141
MinimumVisualStudioVersion = 10.0.40219.1
Project("{9A19103F-16F7-4668-BE54-9A1E7A4F7556}") = "Titanic", "Titanic\Titanic.csproj", "{7906C5CE-3396-4603-AE0B-DA8C394E7FC4}"
EndProject
Project("{9A19103F-16F7-4668-BE54-9A1E7A4F7556}") = "TitanicML.ConsoleApp", "TitanicML.ConsoleApp\TitanicML.ConsoleApp.csproj", "{CC7F5D35-DA5C-4122-BEBF-E98B5EEAB42C}"
EndProject
Global
	GlobalSection(SolutionConfigurationPlatforms) = preSolution
		Debug|Any CPU = Debug|Any CPU
		Release|Any CPU = Release|Any CPU
	EndGlobalSection
	GlobalSection(ProjectConfigurationPlatforms) = postSolution
		{7906C5CE-3396-4603-AE0B-DA8C394E7FC4}.Debug|Any CPU.ActiveCfg = Debug|Any CPU
		{7906C5CE-3396-4603-AE0B-DA8C394E7FC4}.Debug|Any CPU.Build.0 = Debug|Any CPU
		{7906C5CE-3396-4603-AE0B-DA8C394E7FC4}.Release|Any CPU.ActiveCfg = Release|Any CPU
		{7906C5CE-3396-4603-AE0B-DA8C394E7FC4}.Release|Any CPU.Build.0 = Release|Any CPU
		{CC7F5D35-DA5C-4122-BEBF-E98B5EEAB42C}.Debug|Any CPU.ActiveCfg = Debug|Any CPU
		{CC7F5D35-DA5C-4122-BEBF-E98B5EEAB42C}.Debug|Any CPU.Build.0 = Debug|Any CPU
		{CC7F5D35-DA5C-4122-BEBF-E98B5EEAB42C}.Release|Any CPU.ActiveCfg = Release|Any CPU
		{CC7F5D35-DA5C-4122-BEBF-E98B5EEAB42C}.Release|Any CPU.Build.0 = Release|Any CPU
	EndGlobalSection
	GlobalSection(SolutionProperties) = preSolution
		HideSolutionNode = FALSE
	EndGlobalSection
	GlobalSection(ExtensibilityGlobals) = postSolution
		SolutionGuid = {8AFF985D-9341-4031-8DBC-8F27539A5253}
	EndGlobalSection
EndGlobal
